
Microsoft Visual Studio Solution File, Format Version 12.00
# Visual Studio Version 17
VisualStudioVersion = 17.2.32505.173
MinimumVisualStudioVersion = 10.0.40219.1
Project("{FAE04EC0-301F-11D3-BF4B-00C04F79EFBC}") = "Testing", "Testing\Testing.csproj", "{2362A20C-C604-44B0-BDEB-1134B8C8516A}"
EndProject
Global
	GlobalSection(SolutionConfigurationPlatforms) = preSolution
		Debug|Any CPU = Debug|Any CPU
		Release|Any CPU = Release|Any CPU
	EndGlobalSection
	GlobalSection(ProjectConfigurationPlatforms) = postSolution
		{2362A20C-C604-44B0-BDEB-1134B8C8516A}.Debug|Any CPU.ActiveCfg = Debug|Any CPU
		{2362A20C-C604-44B0-BDEB-1134B8C8516A}.Debug|Any CPU.Build.0 = Debug|Any CPU
		{2362A20C-C604-44B0-BDEB-1134B8C8516A}.Release|Any CPU.ActiveCfg = Release|Any CPU
		{2362A20C-C604-44B0-BDEB-1134B8C8516A}.Release|Any CPU.Build.0 = Release|Any CPU
	EndGlobalSection
	GlobalSection(SolutionProperties) = preSolution
		HideSolutionNode = FALSE
	EndGlobalSection
	GlobalSection(ExtensibilityGlobals) = postSolution
		SolutionGuid = {C90D67FE-0EC2-4ADD-B680-68C2AA03EC63}
	EndGlobalSection
EndGlobal
